version = 1
revision = 1
requires-python = ">=3.11"

[[package]]
name = "mostlyunoriginal-github-io"
version = "0.1.0"
source = { virtual = "." }
dependencies = [
    { name = "polars" },
]

[package.metadata]
requires-dist = [{ name = "polars", specifier = ">=1.25.2" }]

[[package]]
name = "polars"
version = "1.25.2"
source = { registry = "https://pypi.org/simple" }
sdist = { url = "https://files.pythonhosted.org/packages/57/56/d8a13c3a1990c92cc2c4f1887e97ea15aabf5685b1e826f875ca3e4e6c9e/polars-1.25.2.tar.gz", hash = "sha256:c6bd9b1b17c86e49bcf8aac44d2238b77e414d7df890afc3924812a5c989a4fe", size = 4501858 }
wheels = [
    { url = "https://files.pythonhosted.org/packages/bd/ec/61ae653b7848769baa5c5aaa00f3b3eaedaec56c3f1203a90dafe893a368/polars-1.25.2-cp39-abi3-macosx_10_12_x86_64.whl", hash = "sha256:59f2a34520ea4307a22e18b832310f8045a8a348606ca99ae785499b31eb4170", size = 34539929 },
    { url = "https://files.pythonhosted.org/packages/58/80/54f8cbb048558114ca519d7c40a994130c5a537246923ecce47cf269eaa6/polars-1.25.2-cp39-abi3-macosx_11_0_arm64.whl", hash = "sha256:e9fe45bdc2327c2e2b64e8849a992b6d3bd4a7e7848b8a7a3a439cca9674dc87", size = 31326982 },
    { url = "https://files.pythonhosted.org/packages/cd/92/db411b7c83f694dca1b8348fa57a120c27c67cf622b85fa88c7ecf463adb/polars-1.25.2-cp39-abi3-manylinux_2_17_x86_64.manylinux2014_x86_64.whl", hash = "sha256:f7fcbb4f476784384ccda48757fca4e8c2e2c5a0a3aef3717aaf56aee4e30e09", size = 35121263 },
    { url = "https://files.pythonhosted.org/packages/9f/a5/5ff200ce3bc643d5f12d91eddb9720fa083267c45fe395bcf0046e97cc2d/polars-1.25.2-cp39-abi3-manylinux_2_24_aarch64.whl", hash = "sha256:9dd91885c9ee5ffad8725c8591f73fb7bd2632c740277ee641f0453176b3d4b8", size = 32254697 },
    { url = "https://files.pythonhosted.org/packages/70/d5/7a5458d05d5a0af816b1c7034aa1d026b7b8176a8de41e96dac70fcf29e2/polars-1.25.2-cp39-abi3-win_amd64.whl", hash = "sha256:a547796643b9a56cb2959be87d7cb87ff80a5c8ae9367f32fe1ad717039e9afc", size = 35318381 },
    { url = "https://files.pythonhosted.org/packages/24/df/60d35c4ae8ec357a5fb9914eb253bd1bad9e0f5332eda2bd2c6371dd3668/polars-1.25.2-cp39-abi3-win_arm64.whl", hash = "sha256:a2488e9d4b67bf47b18088f7264999180559e6ec2637ed11f9d0d4f98a74a37c", size = 31619833 },
]
